// !$*UTF8*$!
{
	archiveVersion = 1;
	classes = {
	};
	objectVersion = 46;
	objects = {

/* Begin PBXBuildFile section */
		84D672871EC78D4F006C8AE0 /* GoogleService-Info.plist in Resources */ = {isa = PBXBuildFile; fileRef = 84D672861EC78D4F006C8AE0 /* GoogleService-Info.plist */; };
		865332A01EC78766009FE3DC /* Info.plist in Resources */ = {isa = PBXBuildFile; fileRef = 8653329E1EC78766009FE3DC /* Info.plist */; };
		865332CA1EC7AB3F009FE3DC /* FacebookLoginViewController.swift in Sources */ = {isa = PBXBuildFile; fileRef = 865332C91EC7AB3F009FE3DC /* FacebookLoginViewController.swift */; };
		865332CC1EC7C0AE009FE3DC /* FacebookLogin.xib in Resources */ = {isa = PBXBuildFile; fileRef = 865332CB1EC7C0AE009FE3DC /* FacebookLogin.xib */; };
		867CADAE1EC784EF00DB6406 /* ImageRow.swift in Sources */ = {isa = PBXBuildFile; fileRef = 867CADAC1EC784EF00DB6406 /* ImageRow.swift */; };
		867CADAF1EC784EF00DB6406 /* ImagePickerController.swift in Sources */ = {isa = PBXBuildFile; fileRef = 867CADAD1EC784EF00DB6406 /* ImagePickerController.swift */; };
		869121511EC747090037FECA /* AppDelegate.swift in Sources */ = {isa = PBXBuildFile; fileRef = 869121501EC747090037FECA /* AppDelegate.swift */; };
		869121531EC747090037FECA /* ViewController.swift in Sources */ = {isa = PBXBuildFile; fileRef = 869121521EC747090037FECA /* ViewController.swift */; };
		869121561EC747090037FECA /* Main.storyboard in Resources */ = {isa = PBXBuildFile; fileRef = 869121541EC747090037FECA /* Main.storyboard */; };
		869121581EC747090037FECA /* Assets.xcassets in Resources */ = {isa = PBXBuildFile; fileRef = 869121571EC747090037FECA /* Assets.xcassets */; };
		8691215B1EC747090037FECA /* LaunchScreen.storyboard in Resources */ = {isa = PBXBuildFile; fileRef = 869121591EC747090037FECA /* LaunchScreen.storyboard */; };
		869121631EC752A40037FECA /* ItemListingController.swift in Sources */ = {isa = PBXBuildFile; fileRef = 869121621EC752A40037FECA /* ItemListingController.swift */; };
		869121651EC753390037FECA /* ItemFoldingCell.swift in Sources */ = {isa = PBXBuildFile; fileRef = 869121641EC753390037FECA /* ItemFoldingCell.swift */; };
		869121671EC753A70037FECA /* ConfigurationBlock.swift in Sources */ = {isa = PBXBuildFile; fileRef = 869121661EC753A70037FECA /* ConfigurationBlock.swift */; };
		869121691EC754DA0037FECA /* ItemFoldedCellView.swift in Sources */ = {isa = PBXBuildFile; fileRef = 869121681EC754DA0037FECA /* ItemFoldedCellView.swift */; };
		8691216B1EC755580037FECA /* ItemFoldedCellView.xib in Resources */ = {isa = PBXBuildFile; fileRef = 8691216A1EC755580037FECA /* ItemFoldedCellView.xib */; };
		8691216D1EC758390037FECA /* ItemUnfoldedCellView.swift in Sources */ = {isa = PBXBuildFile; fileRef = 8691216C1EC758390037FECA /* ItemUnfoldedCellView.swift */; };
		8691216F1EC758480037FECA /* ItemUnfoldedCellView.xib in Resources */ = {isa = PBXBuildFile; fileRef = 8691216E1EC758480037FECA /* ItemUnfoldedCellView.xib */; };
		869121711EC76FC70037FECA /* ListItemViewController.swift in Sources */ = {isa = PBXBuildFile; fileRef = 869121701EC76FC70037FECA /* ListItemViewController.swift */; };
		9D2C24F360DE64627D79E094 /* Pods_AtomHacks2017.framework in Frameworks */ = {isa = PBXBuildFile; fileRef = D99D5BEDEA6C94AA6316C816 /* Pods_AtomHacks2017.framework */; };
/* End PBXBuildFile section */

/* Begin PBXFileReference section */
		84D672861EC78D4F006C8AE0 /* GoogleService-Info.plist */ = {isa = PBXFileReference; fileEncoding = 4; lastKnownFileType = text.plist.xml; path = "GoogleService-Info.plist"; sourceTree = "<group>"; };
		8653329E1EC78766009FE3DC /* Info.plist */ = {isa = PBXFileReference; fileEncoding = 4; lastKnownFileType = text.plist.xml; path = Info.plist; sourceTree = "<group>"; };
		865332C91EC7AB3F009FE3DC /* FacebookLoginViewController.swift */ = {isa = PBXFileReference; fileEncoding = 4; lastKnownFileType = sourcecode.swift; path = FacebookLoginViewController.swift; sourceTree = "<group>"; };
		865332CB1EC7C0AE009FE3DC /* FacebookLogin.xib */ = {isa = PBXFileReference; fileEncoding = 4; lastKnownFileType = file.xib; name = FacebookLogin.xib; path = ../FacebookLogin.xib; sourceTree = "<group>"; };
		867CADAC1EC784EF00DB6406 /* ImageRow.swift */ = {isa = PBXFileReference; fileEncoding = 4; lastKnownFileType = sourcecode.swift; path = ImageRow.swift; sourceTree = "<group>"; };
		867CADAD1EC784EF00DB6406 /* ImagePickerController.swift */ = {isa = PBXFileReference; fileEncoding = 4; lastKnownFileType = sourcecode.swift; path = ImagePickerController.swift; sourceTree = "<group>"; };
		8691214D1EC747090037FECA /* AtomHacks2017.app */ = {isa = PBXFileReference; explicitFileType = wrapper.application; includeInIndex = 0; path = AtomHacks2017.app; sourceTree = BUILT_PRODUCTS_DIR; };
		869121501EC747090037FECA /* AppDelegate.swift */ = {isa = PBXFileReference; lastKnownFileType = sourcecode.swift; path = AppDelegate.swift; sourceTree = "<group>"; };
		869121521EC747090037FECA /* ViewController.swift */ = {isa = PBXFileReference; lastKnownFileType = sourcecode.swift; path = ViewController.swift; sourceTree = "<group>"; };
		869121551EC747090037FECA /* Base */ = {isa = PBXFileReference; lastKnownFileType = file.storyboard; name = Base; path = Base.lproj/Main.storyboard; sourceTree = "<group>"; };
		869121571EC747090037FECA /* Assets.xcassets */ = {isa = PBXFileReference; lastKnownFileType = folder.assetcatalog; path = Assets.xcassets; sourceTree = "<group>"; };
		8691215A1EC747090037FECA /* Base */ = {isa = PBXFileReference; lastKnownFileType = file.storyboard; name = Base; path = Base.lproj/LaunchScreen.storyboard; sourceTree = "<group>"; };
		869121621EC752A40037FECA /* ItemListingController.swift */ = {isa = PBXFileReference; fileEncoding = 4; lastKnownFileType = sourcecode.swift; path = ItemListingController.swift; sourceTree = "<group>"; };
		869121641EC753390037FECA /* ItemFoldingCell.swift */ = {isa = PBXFileReference; fileEncoding = 4; lastKnownFileType = sourcecode.swift; path = ItemFoldingCell.swift; sourceTree = "<group>"; };
		869121661EC753A70037FECA /* ConfigurationBlock.swift */ = {isa = PBXFileReference; fileEncoding = 4; lastKnownFileType = sourcecode.swift; path = ConfigurationBlock.swift; sourceTree = "<group>"; };
		869121681EC754DA0037FECA /* ItemFoldedCellView.swift */ = {isa = PBXFileReference; fileEncoding = 4; lastKnownFileType = sourcecode.swift; path = ItemFoldedCellView.swift; sourceTree = "<group>"; };
		8691216A1EC755580037FECA /* ItemFoldedCellView.xib */ = {isa = PBXFileReference; fileEncoding = 4; lastKnownFileType = file.xib; path = ItemFoldedCellView.xib; sourceTree = "<group>"; };
		8691216C1EC758390037FECA /* ItemUnfoldedCellView.swift */ = {isa = PBXFileReference; fileEncoding = 4; lastKnownFileType = sourcecode.swift; path = ItemUnfoldedCellView.swift; sourceTree = "<group>"; };
		8691216E1EC758480037FECA /* ItemUnfoldedCellView.xib */ = {isa = PBXFileReference; fileEncoding = 4; lastKnownFileType = file.xib; path = ItemUnfoldedCellView.xib; sourceTree = "<group>"; };
		869121701EC76FC70037FECA /* ListItemViewController.swift */ = {isa = PBXFileReference; fileEncoding = 4; lastKnownFileType = sourcecode.swift; path = ListItemViewController.swift; sourceTree = "<group>"; };
		A9DF5E70267049B9C592DD63 /* Pods-AtomHacks2017.release.xcconfig */ = {isa = PBXFileReference; includeInIndex = 1; lastKnownFileType = text.xcconfig; name = "Pods-AtomHacks2017.release.xcconfig"; path = "Pods/Target Support Files/Pods-AtomHacks2017/Pods-AtomHacks2017.release.xcconfig"; sourceTree = "<group>"; };
		C9CCE3C960EBC8E7441F4F03 /* Pods-AtomHacks2017.debug.xcconfig */ = {isa = PBXFileReference; includeInIndex = 1; lastKnownFileType = text.xcconfig; name = "Pods-AtomHacks2017.debug.xcconfig"; path = "Pods/Target Support Files/Pods-AtomHacks2017/Pods-AtomHacks2017.debug.xcconfig"; sourceTree = "<group>"; };
		D99D5BEDEA6C94AA6316C816 /* Pods_AtomHacks2017.framework */ = {isa = PBXFileReference; explicitFileType = wrapper.framework; includeInIndex = 0; path = Pods_AtomHacks2017.framework; sourceTree = BUILT_PRODUCTS_DIR; };
/* End PBXFileReference section */

/* Begin PBXFrameworksBuildPhase section */
		8691214A1EC747090037FECA /* Frameworks */ = {
			isa = PBXFrameworksBuildPhase;
			buildActionMask = 2147483647;
			files = (
				9D2C24F360DE64627D79E094 /* Pods_AtomHacks2017.framework in Frameworks */,
			);
			runOnlyForDeploymentPostprocessing = 0;
		};
/* End PBXFrameworksBuildPhase section */

/* Begin PBXGroup section */
		21ACFDC315908892B1B886C5 /* Pods */ = {
			isa = PBXGroup;
			children = (
				C9CCE3C960EBC8E7441F4F03 /* Pods-AtomHacks2017.debug.xcconfig */,
				A9DF5E70267049B9C592DD63 /* Pods-AtomHacks2017.release.xcconfig */,
			);
			name = Pods;
			sourceTree = "<group>";
		};
		869121441EC747090037FECA = {
			isa = PBXGroup;
			children = (
				8691214F1EC747090037FECA /* AtomHacks2017 */,
				8691214E1EC747090037FECA /* Products */,
				21ACFDC315908892B1B886C5 /* Pods */,
				A2A6630A65D8ACE9240DC0AE /* Frameworks */,
			);
			sourceTree = "<group>";
		};
		8691214E1EC747090037FECA /* Products */ = {
			isa = PBXGroup;
			children = (
				8691214D1EC747090037FECA /* AtomHacks2017.app */,
			);
			name = Products;
			sourceTree = "<group>";
		};
		8691214F1EC747090037FECA /* AtomHacks2017 */ = {
			isa = PBXGroup;
			children = (
				869121501EC747090037FECA /* AppDelegate.swift */,
				869121521EC747090037FECA /* ViewController.swift */,
				869121621EC752A40037FECA /* ItemListingController.swift */,
				869121641EC753390037FECA /* ItemFoldingCell.swift */,
				869121681EC754DA0037FECA /* ItemFoldedCellView.swift */,
				8691216A1EC755580037FECA /* ItemFoldedCellView.xib */,
				8691216C1EC758390037FECA /* ItemUnfoldedCellView.swift */,
				8691216E1EC758480037FECA /* ItemUnfoldedCellView.xib */,
				869121701EC76FC70037FECA /* ListItemViewController.swift */,
				869121541EC747090037FECA /* Main.storyboard */,
				869121571EC747090037FECA /* Assets.xcassets */,
				8653329E1EC78766009FE3DC /* Info.plist */,
				869121591EC747090037FECA /* LaunchScreen.storyboard */,
				84D672861EC78D4F006C8AE0 /* GoogleService-Info.plist */,
				869121661EC753A70037FECA /* ConfigurationBlock.swift */,
				867CADAC1EC784EF00DB6406 /* ImageRow.swift */,
				867CADAD1EC784EF00DB6406 /* ImagePickerController.swift */,
				865332C91EC7AB3F009FE3DC /* FacebookLoginViewController.swift */,
				865332CB1EC7C0AE009FE3DC /* FacebookLogin.xib */,
			);
			path = AtomHacks2017;
			sourceTree = "<group>";
		};
		A2A6630A65D8ACE9240DC0AE /* Frameworks */ = {
			isa = PBXGroup;
			children = (
				D99D5BEDEA6C94AA6316C816 /* Pods_AtomHacks2017.framework */,
			);
			name = Frameworks;
			sourceTree = "<group>";
		};
/* End PBXGroup section */

/* Begin PBXNativeTarget section */
		8691214C1EC747090037FECA /* AtomHacks2017 */ = {
			isa = PBXNativeTarget;
			buildConfigurationList = 8691215F1EC747090037FECA /* Build configuration list for PBXNativeTarget "AtomHacks2017" */;
			buildPhases = (
				27DF28E0201ABFEE4BFDE76B /* [CP] Check Pods Manifest.lock */,
				869121491EC747090037FECA /* Sources */,
				8691214A1EC747090037FECA /* Frameworks */,
				8691214B1EC747090037FECA /* Resources */,
				92D354BF786217662CCA465A /* [CP] Embed Pods Frameworks */,
				706AD3C8D4FC6228F00A4645 /* [CP] Copy Pods Resources */,
			);
			buildRules = (
			);
			dependencies = (
			);
			name = AtomHacks2017;
			productName = AtomHacks2017;
			productReference = 8691214D1EC747090037FECA /* AtomHacks2017.app */;
			productType = "com.apple.product-type.application";
		};
/* End PBXNativeTarget section */

/* Begin PBXProject section */
		869121451EC747090037FECA /* Project object */ = {
			isa = PBXProject;
			attributes = {
				LastSwiftUpdateCheck = 0830;
				LastUpgradeCheck = 0830;
				ORGANIZATIONNAME = AtomHacks;
				TargetAttributes = {
					8691214C1EC747090037FECA = {
						CreatedOnToolsVersion = 8.3.2;
						DevelopmentTeam = VEFXGBBZ5N;
						ProvisioningStyle = Automatic;
					};
				};
			};
			buildConfigurationList = 869121481EC747090037FECA /* Build configuration list for PBXProject "AtomHacks2017" */;
			compatibilityVersion = "Xcode 3.2";
			developmentRegion = English;
			hasScannedForEncodings = 0;
			knownRegions = (
				en,
				Base,
			);
			mainGroup = 869121441EC747090037FECA;
			productRefGroup = 8691214E1EC747090037FECA /* Products */;
			projectDirPath = "";
			projectRoot = "";
			targets = (
				8691214C1EC747090037FECA /* AtomHacks2017 */,
			);
		};
/* End PBXProject section */

/* Begin PBXResourcesBuildPhase section */
		8691214B1EC747090037FECA /* Resources */ = {
			isa = PBXResourcesBuildPhase;
			buildActionMask = 2147483647;
			files = (
				8691215B1EC747090037FECA /* LaunchScreen.storyboard in Resources */,
				8691216F1EC758480037FECA /* ItemUnfoldedCellView.xib in Resources */,
				869121581EC747090037FECA /* Assets.xcassets in Resources */,
				8691216B1EC755580037FECA /* ItemFoldedCellView.xib in Resources */,
				869121561EC747090037FECA /* Main.storyboard in Resources */,
				865332CC1EC7C0AE009FE3DC /* FacebookLogin.xib in Resources */,
				84D672871EC78D4F006C8AE0 /* GoogleService-Info.plist in Resources */,
				865332A01EC78766009FE3DC /* Info.plist in Resources */,
			);
			runOnlyForDeploymentPostprocessing = 0;
		};
/* End PBXResourcesBuildPhase section */

/* Begin PBXShellScriptBuildPhase section */
		27DF28E0201ABFEE4BFDE76B /* [CP] Check Pods Manifest.lock */ = {
			isa = PBXShellScriptBuildPhase;
			buildActionMask = 2147483647;
			files = (
			);
			inputPaths = (
			);
			name = "[CP] Check Pods Manifest.lock";
			outputPaths = (
			);
			runOnlyForDeploymentPostprocessing = 0;
			shellPath = /bin/sh;
			shellScript = "diff \"${PODS_ROOT}/../Podfile.lock\" \"${PODS_ROOT}/Manifest.lock\" > /dev/null\nif [ $? != 0 ] ; then\n    # print error to STDERR\n    echo \"error: The sandbox is not in sync with the Podfile.lock. Run 'pod install' or update your CocoaPods installation.\" >&2\n    exit 1\nfi\n";
			showEnvVarsInLog = 0;
		};
		706AD3C8D4FC6228F00A4645 /* [CP] Copy Pods Resources */ = {
			isa = PBXShellScriptBuildPhase;
			buildActionMask = 2147483647;
			files = (
			);
			inputPaths = (
			);
			name = "[CP] Copy Pods Resources";
			outputPaths = (
			);
			runOnlyForDeploymentPostprocessing = 0;
			shellPath = /bin/sh;
			shellScript = "\"${SRCROOT}/Pods/Target Support Files/Pods-AtomHacks2017/Pods-AtomHacks2017-resources.sh\"\n";
			showEnvVarsInLog = 0;
		};
		92D354BF786217662CCA465A /* [CP] Embed Pods Frameworks */ = {
			isa = PBXShellScriptBuildPhase;
			buildActionMask = 2147483647;
			files = (
			);
			inputPaths = (
			);
			name = "[CP] Embed Pods Frameworks";
			outputPaths = (
			);
			runOnlyForDeploymentPostprocessing = 0;
			shellPath = /bin/sh;
			shellScript = "\"${SRCROOT}/Pods/Target Support Files/Pods-AtomHacks2017/Pods-AtomHacks2017-frameworks.sh\"\n";
			showEnvVarsInLog = 0;
		};
/* End PBXShellScriptBuildPhase section */

/* Begin PBXSourcesBuildPhase section */
		869121491EC747090037FECA /* Sources */ = {
			isa = PBXSourcesBuildPhase;
			buildActionMask = 2147483647;
			files = (
				869121671EC753A70037FECA /* ConfigurationBlock.swift in Sources */,
				8691216D1EC758390037FECA /* ItemUnfoldedCellView.swift in Sources */,
				869121631EC752A40037FECA /* ItemListingController.swift in Sources */,
				869121531EC747090037FECA /* ViewController.swift in Sources */,
				869121651EC753390037FECA /* ItemFoldingCell.swift in Sources */,
				865332CA1EC7AB3F009FE3DC /* FacebookLoginViewController.swift in Sources */,
				867CADAE1EC784EF00DB6406 /* ImageRow.swift in Sources */,
				869121511EC747090037FECA /* AppDelegate.swift in Sources */,
				867CADAF1EC784EF00DB6406 /* ImagePickerController.swift in Sources */,
				869121711EC76FC70037FECA /* ListItemViewController.swift in Sources */,
				869121691EC754DA0037FECA /* ItemFoldedCellView.swift in Sources */,
			);
			runOnlyForDeploymentPostprocessing = 0;
		};
/* End PBXSourcesBuildPhase section */

/* Begin PBXVariantGroup section */
		869121541EC747090037FECA /* Main.storyboard */ = {
			isa = PBXVariantGroup;
			children = (
				869121551EC747090037FECA /* Base */,
			);
			name = Main.storyboard;
			sourceTree = "<group>";
		};
		869121591EC747090037FECA /* LaunchScreen.storyboard */ = {
			isa = PBXVariantGroup;
			children = (
				8691215A1EC747090037FECA /* Base */,
			);
			name = LaunchScreen.storyboard;
			sourceTree = "<group>";
		};
/* End PBXVariantGroup section */

/* Begin XCBuildConfiguration section */
		8691215D1EC747090037FECA /* Debug */ = {
			isa = XCBuildConfiguration;
			buildSettings = {
				ALWAYS_SEARCH_USER_PATHS = NO;
				CLANG_ANALYZER_NONNULL = YES;
				CLANG_ANALYZER_NUMBER_OBJECT_CONVERSION = YES_AGGRESSIVE;
				CLANG_CXX_LANGUAGE_STANDARD = "gnu++0x";
				CLANG_CXX_LIBRARY = "libc++";
				CLANG_ENABLE_MODULES = YES;
				CLANG_ENABLE_OBJC_ARC = YES;
				CLANG_WARN_BOOL_CONVERSION = YES;
				CLANG_WARN_CONSTANT_CONVERSION = YES;
				CLANG_WARN_DIRECT_OBJC_ISA_USAGE = YES_ERROR;
				CLANG_WARN_DOCUMENTATION_COMMENTS = YES;
				CLANG_WARN_EMPTY_BODY = YES;
				CLANG_WARN_ENUM_CONVERSION = YES;
				CLANG_WARN_INFINITE_RECURSION = YES;
				CLANG_WARN_INT_CONVERSION = YES;
				CLANG_WARN_OBJC_ROOT_CLASS = YES_ERROR;
				CLANG_WARN_SUSPICIOUS_MOVE = YES;
				CLANG_WARN_UNREACHABLE_CODE = YES;
				CLANG_WARN__DUPLICATE_METHOD_MATCH = YES;
				"CODE_SIGN_IDENTITY[sdk=iphoneos*]" = "iPhone Developer";
				COPY_PHASE_STRIP = NO;
				DEBUG_INFORMATION_FORMAT = dwarf;
				ENABLE_STRICT_OBJC_MSGSEND = YES;
				ENABLE_TESTABILITY = YES;
				GCC_C_LANGUAGE_STANDARD = gnu99;
				GCC_DYNAMIC_NO_PIC = NO;
				GCC_NO_COMMON_BLOCKS = YES;
				GCC_OPTIMIZATION_LEVEL = 0;
				GCC_PREPROCESSOR_DEFINITIONS = (
					"DEBUG=1",
					"$(inherited)",
				);
				GCC_WARN_64_TO_32_BIT_CONVERSION = YES;
				GCC_WARN_ABOUT_RETURN_TYPE = YES_ERROR;
				GCC_WARN_UNDECLARED_SELECTOR = YES;
				GCC_WARN_UNINITIALIZED_AUTOS = YES_AGGRESSIVE;
				GCC_WARN_UNUSED_FUNCTION = YES;
				GCC_WARN_UNUSED_VARIABLE = YES;
				IPHONEOS_DEPLOYMENT_TARGET = 10.3;
				MTL_ENABLE_DEBUG_INFO = YES;
				ONLY_ACTIVE_ARCH = YES;
				SDKROOT = iphoneos;
				SWIFT_ACTIVE_COMPILATION_CONDITIONS = DEBUG;
				SWIFT_OPTIMIZATION_LEVEL = "-Onone";
			};
			name = Debug;
		};
		8691215E1EC747090037FECA /* Release */ = {
			isa = XCBuildConfiguration;
			buildSettings = {
				ALWAYS_SEARCH_USER_PATHS = NO;
				CLANG_ANALYZER_NONNULL = YES;
				CLANG_ANALYZER_NUMBER_OBJECT_CONVERSION = YES_AGGRESSIVE;
				CLANG_CXX_LANGUAGE_STANDARD = "gnu++0x";
				CLANG_CXX_LIBRARY = "libc++";
				CLANG_ENABLE_MODULES = YES;
				CLANG_ENABLE_OBJC_ARC = YES;
				CLANG_WARN_BOOL_CONVERSION = YES;
				CLANG_WARN_CONSTANT_CONVERSION = YES;
				CLANG_WARN_DIRECT_OBJC_ISA_USAGE = YES_ERROR;
				CLANG_WARN_DOCUMENTATION_COMMENTS = YES;
				CLANG_WARN_EMPTY_BODY = YES;
				CLANG_WARN_ENUM_CONVERSION = YES;
				CLANG_WARN_INFINITE_RECURSION = YES;
				CLANG_WARN_INT_CONVERSION = YES;
				CLANG_WARN_OBJC_ROOT_CLASS = YES_ERROR;
				CLANG_WARN_SUSPICIOUS_MOVE = YES;
				CLANG_WARN_UNREACHABLE_CODE = YES;
				CLANG_WARN__DUPLICATE_METHOD_MATCH = YES;
				"CODE_SIGN_IDENTITY[sdk=iphoneos*]" = "iPhone Developer";
				COPY_PHASE_STRIP = NO;
				DEBUG_INFORMATION_FORMAT = "dwarf-with-dsym";
				ENABLE_NS_ASSERTIONS = NO;
				ENABLE_STRICT_OBJC_MSGSEND = YES;
				GCC_C_LANGUAGE_STANDARD = gnu99;
				GCC_NO_COMMON_BLOCKS = YES;
				GCC_WARN_64_TO_32_BIT_CONVERSION = YES;
				GCC_WARN_ABOUT_RETURN_TYPE = YES_ERROR;
				GCC_WARN_UNDECLARED_SELECTOR = YES;
				GCC_WARN_UNINITIALIZED_AUTOS = YES_AGGRESSIVE;
				GCC_WARN_UNUSED_FUNCTION = YES;
				GCC_WARN_UNUSED_VARIABLE = YES;
				IPHONEOS_DEPLOYMENT_TARGET = 10.3;
				MTL_ENABLE_DEBUG_INFO = NO;
				SDKROOT = iphoneos;
				SWIFT_OPTIMIZATION_LEVEL = "-Owholemodule";
				VALIDATE_PRODUCT = YES;
			};
			name = Release;
		};
		869121601EC747090037FECA /* Debug */ = {
			isa = XCBuildConfiguration;
			baseConfigurationReference = C9CCE3C960EBC8E7441F4F03 /* Pods-AtomHacks2017.debug.xcconfig */;
			buildSettings = {
				ASSETCATALOG_COMPILER_APPICON_NAME = AppIcon;
<<<<<<< HEAD
				DEVELOPMENT_TEAM = VEFXGBBZ5N;
=======
				DEVELOPMENT_TEAM = 9EKLF2UG2H;
				FRAMEWORK_SEARCH_PATHS = (
					"$(inherited)",
					"$(PROJECT_DIR)/FacebookSDK",
				);
>>>>>>> 945d06f12e57d431e58a6cae297aa6725c4385a4
				INFOPLIST_FILE = AtomHacks2017/Info.plist;
				IPHONEOS_DEPLOYMENT_TARGET = 10.2;
				LD_RUNPATH_SEARCH_PATHS = "$(inherited) @executable_path/Frameworks";
				PRODUCT_BUNDLE_IDENTIFIER = com.atomhacks.AtomHacks2017;
				PRODUCT_NAME = "$(TARGET_NAME)";
				SWIFT_VERSION = 3.0;
			};
			name = Debug;
		};
		869121611EC747090037FECA /* Release */ = {
			isa = XCBuildConfiguration;
			baseConfigurationReference = A9DF5E70267049B9C592DD63 /* Pods-AtomHacks2017.release.xcconfig */;
			buildSettings = {
				ASSETCATALOG_COMPILER_APPICON_NAME = AppIcon;
<<<<<<< HEAD
				DEVELOPMENT_TEAM = VEFXGBBZ5N;
=======
				DEVELOPMENT_TEAM = 9EKLF2UG2H;
				FRAMEWORK_SEARCH_PATHS = (
					"$(inherited)",
					"$(PROJECT_DIR)/FacebookSDK",
				);
>>>>>>> 945d06f12e57d431e58a6cae297aa6725c4385a4
				INFOPLIST_FILE = AtomHacks2017/Info.plist;
				IPHONEOS_DEPLOYMENT_TARGET = 10.2;
				LD_RUNPATH_SEARCH_PATHS = "$(inherited) @executable_path/Frameworks";
				PRODUCT_BUNDLE_IDENTIFIER = com.atomhacks.AtomHacks2017;
				PRODUCT_NAME = "$(TARGET_NAME)";
				SWIFT_VERSION = 3.0;
			};
			name = Release;
		};
/* End XCBuildConfiguration section */

/* Begin XCConfigurationList section */
		869121481EC747090037FECA /* Build configuration list for PBXProject "AtomHacks2017" */ = {
			isa = XCConfigurationList;
			buildConfigurations = (
				8691215D1EC747090037FECA /* Debug */,
				8691215E1EC747090037FECA /* Release */,
			);
			defaultConfigurationIsVisible = 0;
			defaultConfigurationName = Release;
		};
		8691215F1EC747090037FECA /* Build configuration list for PBXNativeTarget "AtomHacks2017" */ = {
			isa = XCConfigurationList;
			buildConfigurations = (
				869121601EC747090037FECA /* Debug */,
				869121611EC747090037FECA /* Release */,
			);
			defaultConfigurationIsVisible = 0;
			defaultConfigurationName = Release;
		};
/* End XCConfigurationList section */
	};
	rootObject = 869121451EC747090037FECA /* Project object */;
}
